
Microsoft Visual Studio Solution File, Format Version 12.00
# Visual Studio 15
VisualStudioVersion = 15.0.27004.2008
MinimumVisualStudioVersion = 10.0.40219.1
Project("{FAE04EC0-301F-11D3-BF4B-00C04F79EFBC}") = "Sampleapp", "Sampleapp\Sampleapp.csproj", "{D8245406-88F3-43FD-971A-87134AB36E60}"
EndProject
Global
	GlobalSection(SolutionConfigurationPlatforms) = preSolution
		Debug|Any CPU = Debug|Any CPU
		Release|Any CPU = Release|Any CPU
	EndGlobalSection
	GlobalSection(ProjectConfigurationPlatforms) = postSolution
		{D8245406-88F3-43FD-971A-87134AB36E60}.Debug|Any CPU.ActiveCfg = Debug|Any CPU
		{D8245406-88F3-43FD-971A-87134AB36E60}.Debug|Any CPU.Build.0 = Debug|Any CPU
		{D8245406-88F3-43FD-971A-87134AB36E60}.Release|Any CPU.ActiveCfg = Release|Any CPU
		{D8245406-88F3-43FD-971A-87134AB36E60}.Release|Any CPU.Build.0 = Release|Any CPU
	EndGlobalSection
	GlobalSection(SolutionProperties) = preSolution
		HideSolutionNode = FALSE
	EndGlobalSection
	GlobalSection(ExtensibilityGlobals) = postSolution
		SolutionGuid = {98035B36-8E9F-489E-97B4-ADF2061868D3}
	EndGlobalSection
EndGlobal
